// !$*UTF8*$!
{
	archiveVersion = 1;
	classes = {
	};
	objectVersion = 46;
	objects = {

/* Begin PBXBuildFile section */
		B78D2C5B1E090FBD00694BEE /* defaultImages.png in Resources */ = {isa = PBXBuildFile; fileRef = B78D2C5A1E090FBD00694BEE /* defaultImages.png */; };
		B78D2C761E092A3E00694BEE /* TableInfo.m in Sources */ = {isa = PBXBuildFile; fileRef = B78D2C6F1E092A3E00694BEE /* TableInfo.m */; };
		B78D2C771E092A3E00694BEE /* InfoCustomCell.m in Sources */ = {isa = PBXBuildFile; fileRef = B78D2C721E092A3E00694BEE /* InfoCustomCell.m */; };
		B78D2C781E092A3E00694BEE /* DetailViewController.m in Sources */ = {isa = PBXBuildFile; fileRef = B78D2C751E092A3E00694BEE /* DetailViewController.m */; };
		B78D2C811E092A8800694BEE /* Default-568h-03x.png in Resources */ = {isa = PBXBuildFile; fileRef = B78D2C7A1E092A8800694BEE /* Default-568h-03x.png */; };
		B78D2C821E092A8800694BEE /* Default-568h@2x.png in Resources */ = {isa = PBXBuildFile; fileRef = B78D2C7B1E092A8800694BEE /* Default-568h@2x.png */; };
		B78D2C831E092A8800694BEE /* Default.png in Resources */ = {isa = PBXBuildFile; fileRef = B78D2C7C1E092A8800694BEE /* Default.png */; };
		B78D2C841E092A8800694BEE /* Default03x.png in Resources */ = {isa = PBXBuildFile; fileRef = B78D2C7D1E092A8800694BEE /* Default03x.png */; };
		B78D2C851E092A8800694BEE /* Default3x.png in Resources */ = {isa = PBXBuildFile; fileRef = B78D2C7E1E092A8800694BEE /* Default3x.png */; };
		B78D2C861E092A8800694BEE /* Default568h3x.png in Resources */ = {isa = PBXBuildFile; fileRef = B78D2C7F1E092A8800694BEE /* Default568h3x.png */; };
		B78D2C871E092A8800694BEE /* Default@2x.png in Resources */ = {isa = PBXBuildFile; fileRef = B78D2C801E092A8800694BEE /* Default@2x.png */; };
		B78D2C901E092C9D00694BEE /* ConnectionHandler.m in Sources */ = {isa = PBXBuildFile; fileRef = B78D2C8F1E092C9D00694BEE /* ConnectionHandler.m */; };
		B78D2C941E092D0300694BEE /* DetailsService.m in Sources */ = {isa = PBXBuildFile; fileRef = B78D2C931E092D0300694BEE /* DetailsService.m */; };
		C347EB241E08FF16009374E0 /* main.m in Sources */ = {isa = PBXBuildFile; fileRef = C347EB231E08FF16009374E0 /* main.m */; };
		C347EB271E08FF16009374E0 /* AppDelegate.m in Sources */ = {isa = PBXBuildFile; fileRef = C347EB261E08FF16009374E0 /* AppDelegate.m */; };
		C347EB2F1E08FF17009374E0 /* Assets.xcassets in Resources */ = {isa = PBXBuildFile; fileRef = C347EB2E1E08FF17009374E0 /* Assets.xcassets */; };
/* End PBXBuildFile section */

/* Begin PBXFileReference section */
		B78D2C5A1E090FBD00694BEE /* defaultImages.png */ = {isa = PBXFileReference; lastKnownFileType = image.png; path = defaultImages.png; sourceTree = "<group>"; };
		B78D2C601E09122700694BEE /* Constant.h */ = {isa = PBXFileReference; lastKnownFileType = sourcecode.c.h; path = Constant.h; sourceTree = "<group>"; };
		B78D2C6E1E092A3E00694BEE /* TableInfo.h */ = {isa = PBXFileReference; fileEncoding = 4; lastKnownFileType = sourcecode.c.h; path = TableInfo.h; sourceTree = "<group>"; };
		B78D2C6F1E092A3E00694BEE /* TableInfo.m */ = {isa = PBXFileReference; fileEncoding = 4; lastKnownFileType = sourcecode.c.objc; path = TableInfo.m; sourceTree = "<group>"; };
		B78D2C711E092A3E00694BEE /* InfoCustomCell.h */ = {isa = PBXFileReference; fileEncoding = 4; lastKnownFileType = sourcecode.c.h; path = InfoCustomCell.h; sourceTree = "<group>"; };
		B78D2C721E092A3E00694BEE /* InfoCustomCell.m */ = {isa = PBXFileReference; fileEncoding = 4; lastKnownFileType = sourcecode.c.objc; path = InfoCustomCell.m; sourceTree = "<group>"; };
		B78D2C741E092A3E00694BEE /* DetailViewController.h */ = {isa = PBXFileReference; fileEncoding = 4; lastKnownFileType = sourcecode.c.h; path = DetailViewController.h; sourceTree = "<group>"; };
		B78D2C751E092A3E00694BEE /* DetailViewController.m */ = {isa = PBXFileReference; fileEncoding = 4; lastKnownFileType = sourcecode.c.objc; path = DetailViewController.m; sourceTree = "<group>"; };
		B78D2C7A1E092A8800694BEE /* Default-568h-03x.png */ = {isa = PBXFileReference; lastKnownFileType = image.png; path = "Default-568h-03x.png"; sourceTree = "<group>"; };
		B78D2C7B1E092A8800694BEE /* Default-568h@2x.png */ = {isa = PBXFileReference; lastKnownFileType = image.png; path = "Default-568h@2x.png"; sourceTree = "<group>"; };
		B78D2C7C1E092A8800694BEE /* Default.png */ = {isa = PBXFileReference; lastKnownFileType = image.png; path = Default.png; sourceTree = "<group>"; };
		B78D2C7D1E092A8800694BEE /* Default03x.png */ = {isa = PBXFileReference; lastKnownFileType = image.png; path = Default03x.png; sourceTree = "<group>"; };
		B78D2C7E1E092A8800694BEE /* Default3x.png */ = {isa = PBXFileReference; lastKnownFileType = image.png; path = Default3x.png; sourceTree = "<group>"; };
		B78D2C7F1E092A8800694BEE /* Default568h3x.png */ = {isa = PBXFileReference; lastKnownFileType = image.png; path = Default568h3x.png; sourceTree = "<group>"; };
		B78D2C801E092A8800694BEE /* Default@2x.png */ = {isa = PBXFileReference; lastKnownFileType = image.png; path = "Default@2x.png"; sourceTree = "<group>"; };
		B78D2C8E1E092C9D00694BEE /* ConnectionHandler.h */ = {isa = PBXFileReference; fileEncoding = 4; lastKnownFileType = sourcecode.c.h; path = ConnectionHandler.h; sourceTree = "<group>"; };
		B78D2C8F1E092C9D00694BEE /* ConnectionHandler.m */ = {isa = PBXFileReference; fileEncoding = 4; lastKnownFileType = sourcecode.c.objc; path = ConnectionHandler.m; sourceTree = "<group>"; };
		B78D2C921E092D0300694BEE /* DetailsService.h */ = {isa = PBXFileReference; fileEncoding = 4; lastKnownFileType = sourcecode.c.h; path = DetailsService.h; sourceTree = "<group>"; };
		B78D2C931E092D0300694BEE /* DetailsService.m */ = {isa = PBXFileReference; fileEncoding = 4; lastKnownFileType = sourcecode.c.objc; path = DetailsService.m; sourceTree = "<group>"; };
		B78D2C951E092D3000694BEE /* ServiceLayerProtocol.h */ = {isa = PBXFileReference; fileEncoding = 4; lastKnownFileType = sourcecode.c.h; path = ServiceLayerProtocol.h; sourceTree = "<group>"; };
		C347EB1F1E08FF16009374E0 /* TelstraAssignment.app */ = {isa = PBXFileReference; explicitFileType = wrapper.application; includeInIndex = 0; path = TelstraAssignment.app; sourceTree = BUILT_PRODUCTS_DIR; };
		C347EB231E08FF16009374E0 /* main.m */ = {isa = PBXFileReference; lastKnownFileType = sourcecode.c.objc; path = main.m; sourceTree = "<group>"; };
		C347EB251E08FF16009374E0 /* AppDelegate.h */ = {isa = PBXFileReference; lastKnownFileType = sourcecode.c.h; path = AppDelegate.h; sourceTree = "<group>"; };
		C347EB261E08FF16009374E0 /* AppDelegate.m */ = {isa = PBXFileReference; lastKnownFileType = sourcecode.c.objc; path = AppDelegate.m; sourceTree = "<group>"; };
		C347EB2E1E08FF17009374E0 /* Assets.xcassets */ = {isa = PBXFileReference; lastKnownFileType = folder.assetcatalog; path = Assets.xcassets; sourceTree = "<group>"; };
		C347EB331E08FF17009374E0 /* Info.plist */ = {isa = PBXFileReference; lastKnownFileType = text.plist.xml; path = Info.plist; sourceTree = "<group>"; };
/* End PBXFileReference section */

/* Begin PBXFrameworksBuildPhase section */
		C347EB1C1E08FF16009374E0 /* Frameworks */ = {
			isa = PBXFrameworksBuildPhase;
			buildActionMask = 2147483647;
			files = (
			);
			runOnlyForDeploymentPostprocessing = 0;
		};
/* End PBXFrameworksBuildPhase section */

/* Begin PBXGroup section */
		B78D2C6D1E092A3E00694BEE /* Models */ = {
			isa = PBXGroup;
			children = (
				B78D2C6E1E092A3E00694BEE /* TableInfo.h */,
				B78D2C6F1E092A3E00694BEE /* TableInfo.m */,
			);
			path = Models;
			sourceTree = "<group>";
		};
		B78D2C701E092A3E00694BEE /* TableCustomCells */ = {
			isa = PBXGroup;
			children = (
				B78D2C711E092A3E00694BEE /* InfoCustomCell.h */,
				B78D2C721E092A3E00694BEE /* InfoCustomCell.m */,
			);
			path = TableCustomCells;
			sourceTree = "<group>";
		};
		B78D2C731E092A3E00694BEE /* ViewControllers */ = {
			isa = PBXGroup;
			children = (
				B78D2C741E092A3E00694BEE /* DetailViewController.h */,
				B78D2C751E092A3E00694BEE /* DetailViewController.m */,
			);
			path = ViewControllers;
			sourceTree = "<group>";
		};
		B78D2C791E092A8800694BEE /* Resources */ = {
			isa = PBXGroup;
			children = (
				B78D2C7A1E092A8800694BEE /* Default-568h-03x.png */,
				B78D2C7B1E092A8800694BEE /* Default-568h@2x.png */,
				B78D2C7C1E092A8800694BEE /* Default.png */,
				B78D2C7D1E092A8800694BEE /* Default03x.png */,
				B78D2C7E1E092A8800694BEE /* Default3x.png */,
				B78D2C7F1E092A8800694BEE /* Default568h3x.png */,
				B78D2C801E092A8800694BEE /* Default@2x.png */,
			);
			path = Resources;
			sourceTree = "<group>";
		};
		B78D2C8D1E092C9300694BEE /* ConnectionHandler */ = {
			isa = PBXGroup;
			children = (
				B78D2C8E1E092C9D00694BEE /* ConnectionHandler.h */,
				B78D2C8F1E092C9D00694BEE /* ConnectionHandler.m */,
				B78D2C951E092D3000694BEE /* ServiceLayerProtocol.h */,
			);
			path = ConnectionHandler;
			sourceTree = "<group>";
		};
		B78D2C911E092CF800694BEE /* ServiceLayers */ = {
			isa = PBXGroup;
			children = (
				B78D2C921E092D0300694BEE /* DetailsService.h */,
				B78D2C931E092D0300694BEE /* DetailsService.m */,
			);
			path = ServiceLayers;
			sourceTree = "<group>";
		};
		C347EB161E08FF16009374E0 = {
			isa = PBXGroup;
			children = (
				C347EB211E08FF16009374E0 /* TelstraAssignment */,
				C347EB201E08FF16009374E0 /* Products */,
			);
			sourceTree = "<group>";
		};
		C347EB201E08FF16009374E0 /* Products */ = {
			isa = PBXGroup;
			children = (
				C347EB1F1E08FF16009374E0 /* TelstraAssignment.app */,
			);
			name = Products;
			sourceTree = "<group>";
		};
		C347EB211E08FF16009374E0 /* TelstraAssignment */ = {
			isa = PBXGroup;
			children = (
				B78D2C6D1E092A3E00694BEE /* Models */,
				B78D2C8D1E092C9300694BEE /* ConnectionHandler */,
				B78D2C911E092CF800694BEE /* ServiceLayers */,
				B78D2C701E092A3E00694BEE /* TableCustomCells */,
				B78D2C731E092A3E00694BEE /* ViewControllers */,
				B78D2C601E09122700694BEE /* Constant.h */,
				C347EB251E08FF16009374E0 /* AppDelegate.h */,
				C347EB261E08FF16009374E0 /* AppDelegate.m */,
				C347EB2E1E08FF17009374E0 /* Assets.xcassets */,
				C347EB331E08FF17009374E0 /* Info.plist */,
				B78D2C5A1E090FBD00694BEE /* defaultImages.png */,
				B78D2C791E092A8800694BEE /* Resources */,
				C347EB221E08FF16009374E0 /* Supporting Files */,
			);
			path = TelstraAssignment;
			sourceTree = "<group>";
		};
		C347EB221E08FF16009374E0 /* Supporting Files */ = {
			isa = PBXGroup;
			children = (
				C347EB231E08FF16009374E0 /* main.m */,
			);
			name = "Supporting Files";
			sourceTree = "<group>";
		};
/* End PBXGroup section */

/* Begin PBXNativeTarget section */
		C347EB1E1E08FF16009374E0 /* TelstraAssignment */ = {
			isa = PBXNativeTarget;
			buildConfigurationList = C347EB361E08FF17009374E0 /* Build configuration list for PBXNativeTarget "TelstraAssignment" */;
			buildPhases = (
				C347EB1B1E08FF16009374E0 /* Sources */,
				C347EB1C1E08FF16009374E0 /* Frameworks */,
				C347EB1D1E08FF16009374E0 /* Resources */,
			);
			buildRules = (
			);
			dependencies = (
			);
			name = TelstraAssignment;
			productName = TelstraAssignment;
			productReference = C347EB1F1E08FF16009374E0 /* TelstraAssignment.app */;
			productType = "com.apple.product-type.application";
		};
/* End PBXNativeTarget section */

/* Begin PBXProject section */
		C347EB171E08FF16009374E0 /* Project object */ = {
			isa = PBXProject;
			attributes = {
				LastUpgradeCheck = 0810;
				TargetAttributes = {
					C347EB1E1E08FF16009374E0 = {
						CreatedOnToolsVersion = 8.1;
						ProvisioningStyle = Automatic;
					};
				};
			};
			buildConfigurationList = C347EB1A1E08FF16009374E0 /* Build configuration list for PBXProject "TelstraAssignment" */;
			compatibilityVersion = "Xcode 3.2";
			developmentRegion = English;
			hasScannedForEncodings = 0;
			knownRegions = (
				en,
				Base,
			);
			mainGroup = C347EB161E08FF16009374E0;
			productRefGroup = C347EB201E08FF16009374E0 /* Products */;
			projectDirPath = "";
			projectRoot = "";
			targets = (
				C347EB1E1E08FF16009374E0 /* TelstraAssignment */,
			);
		};
/* End PBXProject section */

/* Begin PBXResourcesBuildPhase section */
		C347EB1D1E08FF16009374E0 /* Resources */ = {
			isa = PBXResourcesBuildPhase;
			buildActionMask = 2147483647;
			files = (
				B78D2C851E092A8800694BEE /* Default3x.png in Resources */,
				C347EB2F1E08FF17009374E0 /* Assets.xcassets in Resources */,
				B78D2C841E092A8800694BEE /* Default03x.png in Resources */,
				B78D2C871E092A8800694BEE /* Default@2x.png in Resources */,
				B78D2C821E092A8800694BEE /* Default-568h@2x.png in Resources */,
				B78D2C5B1E090FBD00694BEE /* defaultImages.png in Resources */,
				B78D2C811E092A8800694BEE /* Default-568h-03x.png in Resources */,
				B78D2C831E092A8800694BEE /* Default.png in Resources */,
				B78D2C861E092A8800694BEE /* Default568h3x.png in Resources */,
			);
			runOnlyForDeploymentPostprocessing = 0;
		};
/* End PBXResourcesBuildPhase section */

/* Begin PBXSourcesBuildPhase section */
		C347EB1B1E08FF16009374E0 /* Sources */ = {
			isa = PBXSourcesBuildPhase;
			buildActionMask = 2147483647;
			files = (
				B78D2C781E092A3E00694BEE /* DetailViewController.m in Sources */,
				B78D2C761E092A3E00694BEE /* TableInfo.m in Sources */,
				B78D2C941E092D0300694BEE /* DetailsService.m in Sources */,
				C347EB271E08FF16009374E0 /* AppDelegate.m in Sources */,
				B78D2C771E092A3E00694BEE /* InfoCustomCell.m in Sources */,
				B78D2C901E092C9D00694BEE /* ConnectionHandler.m in Sources */,
				C347EB241E08FF16009374E0 /* main.m in Sources */,
			);
			runOnlyForDeploymentPostprocessing = 0;
		};
/* End PBXSourcesBuildPhase section */

/* Begin XCBuildConfiguration section */
		C347EB341E08FF17009374E0 /* Debug */ = {
			isa = XCBuildConfiguration;
			buildSettings = {
				ALWAYS_SEARCH_USER_PATHS = NO;
				CLANG_ANALYZER_NONNULL = YES;
				CLANG_CXX_LANGUAGE_STANDARD = "gnu++0x";
				CLANG_CXX_LIBRARY = "libc++";
				CLANG_ENABLE_MODULES = YES;
				CLANG_ENABLE_OBJC_ARC = YES;
				CLANG_WARN_BOOL_CONVERSION = YES;
				CLANG_WARN_CONSTANT_CONVERSION = YES;
				CLANG_WARN_DIRECT_OBJC_ISA_USAGE = YES_ERROR;
				CLANG_WARN_DOCUMENTATION_COMMENTS = YES;
				CLANG_WARN_EMPTY_BODY = YES;
				CLANG_WARN_ENUM_CONVERSION = YES;
				CLANG_WARN_INFINITE_RECURSION = YES;
				CLANG_WARN_INT_CONVERSION = YES;
				CLANG_WARN_OBJC_ROOT_CLASS = YES_ERROR;
				CLANG_WARN_SUSPICIOUS_MOVES = YES;
				CLANG_WARN_UNREACHABLE_CODE = YES;
				CLANG_WARN__DUPLICATE_METHOD_MATCH = YES;
				"CODE_SIGN_IDENTITY[sdk=iphoneos*]" = "iPhone Developer";
				COPY_PHASE_STRIP = NO;
				DEBUG_INFORMATION_FORMAT = dwarf;
				ENABLE_STRICT_OBJC_MSGSEND = YES;
				ENABLE_TESTABILITY = YES;
				GCC_C_LANGUAGE_STANDARD = gnu99;
				GCC_DYNAMIC_NO_PIC = NO;
				GCC_NO_COMMON_BLOCKS = YES;
				GCC_OPTIMIZATION_LEVEL = 0;
				GCC_PREPROCESSOR_DEFINITIONS = (
					"DEBUG=1",
					"$(inherited)",
				);
				GCC_WARN_64_TO_32_BIT_CONVERSION = YES;
				GCC_WARN_ABOUT_RETURN_TYPE = YES_ERROR;
				GCC_WARN_UNDECLARED_SELECTOR = YES;
				GCC_WARN_UNINITIALIZED_AUTOS = YES_AGGRESSIVE;
				GCC_WARN_UNUSED_FUNCTION = YES;
				GCC_WARN_UNUSED_VARIABLE = YES;
				IPHONEOS_DEPLOYMENT_TARGET = 10.1;
				MTL_ENABLE_DEBUG_INFO = YES;
				ONLY_ACTIVE_ARCH = YES;
				SDKROOT = iphoneos;
			};
			name = Debug;
		};
		C347EB351E08FF17009374E0 /* Release */ = {
			isa = XCBuildConfiguration;
			buildSettings = {
				ALWAYS_SEARCH_USER_PATHS = NO;
				CLANG_ANALYZER_NONNULL = YES;
				CLANG_CXX_LANGUAGE_STANDARD = "gnu++0x";
				CLANG_CXX_LIBRARY = "libc++";
				CLANG_ENABLE_MODULES = YES;
				CLANG_ENABLE_OBJC_ARC = YES;
				CLANG_WARN_BOOL_CONVERSION = YES;
				CLANG_WARN_CONSTANT_CONVERSION = YES;
				CLANG_WARN_DIRECT_OBJC_ISA_USAGE = YES_ERROR;
				CLANG_WARN_DOCUMENTATION_COMMENTS = YES;
				CLANG_WARN_EMPTY_BODY = YES;
				CLANG_WARN_ENUM_CONVERSION = YES;
				CLANG_WARN_INFINITE_RECURSION = YES;
				CLANG_WARN_INT_CONVERSION = YES;
				CLANG_WARN_OBJC_ROOT_CLASS = YES_ERROR;
				CLANG_WARN_SUSPICIOUS_MOVES = YES;
				CLANG_WARN_UNREACHABLE_CODE = YES;
				CLANG_WARN__DUPLICATE_METHOD_MATCH = YES;
				"CODE_SIGN_IDENTITY[sdk=iphoneos*]" = "iPhone Developer";
				COPY_PHASE_STRIP = NO;
				DEBUG_INFORMATION_FORMAT = "dwarf-with-dsym";
				ENABLE_NS_ASSERTIONS = NO;
				ENABLE_STRICT_OBJC_MSGSEND = YES;
				GCC_C_LANGUAGE_STANDARD = gnu99;
				GCC_NO_COMMON_BLOCKS = YES;
				GCC_WARN_64_TO_32_BIT_CONVERSION = YES;
				GCC_WARN_ABOUT_RETURN_TYPE = YES_ERROR;
				GCC_WARN_UNDECLARED_SELECTOR = YES;
				GCC_WARN_UNINITIALIZED_AUTOS = YES_AGGRESSIVE;
				GCC_WARN_UNUSED_FUNCTION = YES;
				GCC_WARN_UNUSED_VARIABLE = YES;
				IPHONEOS_DEPLOYMENT_TARGET = 10.1;
				MTL_ENABLE_DEBUG_INFO = NO;
				SDKROOT = iphoneos;
				VALIDATE_PRODUCT = YES;
			};
			name = Release;
		};
		C347EB371E08FF17009374E0 /* Debug */ = {
			isa = XCBuildConfiguration;
			buildSettings = {
				ASSETCATALOG_COMPILER_APPICON_NAME = AppIcon;
				CODE_SIGN_IDENTITY = "iPhone Developer";
				"CODE_SIGN_IDENTITY[sdk=iphoneos*]" = "iPhone Developer";
				DEVELOPMENT_TEAM = "";
				INFOPLIST_FILE = TelstraAssignment/Info.plist;
				IPHONEOS_DEPLOYMENT_TARGET = 8.0;
				LD_RUNPATH_SEARCH_PATHS = "$(inherited) @executable_path/Frameworks";
				PRODUCT_BUNDLE_IDENTIFIER = Telstra.TelstraAssignment;
				PRODUCT_NAME = "$(TARGET_NAME)";
			};
			name = Debug;
		};
		C347EB381E08FF17009374E0 /* Release */ = {
			isa = XCBuildConfiguration;
			buildSettings = {
				ASSETCATALOG_COMPILER_APPICON_NAME = AppIcon;
				CODE_SIGN_IDENTITY = "iPhone Developer";
				"CODE_SIGN_IDENTITY[sdk=iphoneos*]" = "iPhone Developer";
				DEVELOPMENT_TEAM = "";
				INFOPLIST_FILE = TelstraAssignment/Info.plist;
				IPHONEOS_DEPLOYMENT_TARGET = 8.0;
				LD_RUNPATH_SEARCH_PATHS = "$(inherited) @executable_path/Frameworks";
				PRODUCT_BUNDLE_IDENTIFIER = Telstra.TelstraAssignment;
				PRODUCT_NAME = "$(TARGET_NAME)";
			};
			name = Release;
		};
/* End XCBuildConfiguration section */

/* Begin XCConfigurationList section */
		C347EB1A1E08FF16009374E0 /* Build configuration list for PBXProject "TelstraAssignment" */ = {
			isa = XCConfigurationList;
			buildConfigurations = (
				C347EB341E08FF17009374E0 /* Debug */,
				C347EB351E08FF17009374E0 /* Release */,
			);
			defaultConfigurationIsVisible = 0;
			defaultConfigurationName = Release;
		};
		C347EB361E08FF17009374E0 /* Build configuration list for PBXNativeTarget "TelstraAssignment" */ = {
			isa = XCConfigurationList;
			buildConfigurations = (
				C347EB371E08FF17009374E0 /* Debug */,
				C347EB381E08FF17009374E0 /* Release */,
			);
			defaultConfigurationIsVisible = 0;
			defaultConfigurationName = Release;
		};
/* End XCConfigurationList section */
	};
	rootObject = C347EB171E08FF16009374E0 /* Project object */;
}
